
Microsoft Visual Studio Solution File, Format Version 12.00
# Visual Studio Version 17
VisualStudioVersion = 17.0.31903.59
MinimumVisualStudioVersion = 10.0.40219.1
Project("{FAE04EC0-301F-11D3-BF4B-00C04F79EFBC}") = "day1", "day1\day1.csproj", "{9B20EA34-AD70-4493-9443-A170CDB5D89A}"
EndProject
Project("{FAE04EC0-301F-11D3-BF4B-00C04F79EFBC}") = "template", "template\template.csproj", "{C3D0BCCC-EA72-44B0-AE38-A9DF3F9B9FC8}"
EndProject
Project("{FAE04EC0-301F-11D3-BF4B-00C04F79EFBC}") = "day2", "day2\day2.csproj", "{D3362916-61C1-4D19-AF4B-E9FAF5152125}"
EndProject
Project("{FAE04EC0-301F-11D3-BF4B-00C04F79EFBC}") = "day3", "day3\day3.csproj", "{5896ABFF-1B96-4AC4-A067-51ABC31E1913}"
EndProject
Project("{FAE04EC0-301F-11D3-BF4B-00C04F79EFBC}") = "day4", "day4\day4.csproj", "{8713777C-3DB2-4C95-9174-B5945649E739}"
EndProject
Project("{FAE04EC0-301F-11D3-BF4B-00C04F79EFBC}") = "day5", "day5\day5.csproj", "{7277CB8B-DE75-4518-B7A8-7C0066D095D9}"
EndProject
Project("{FAE04EC0-301F-11D3-BF4B-00C04F79EFBC}") = "day6", "day6\day6.csproj", "{7C013FF4-8A39-4749-A8EA-4E54E11B8AC4}"
EndProject
Project("{FAE04EC0-301F-11D3-BF4B-00C04F79EFBC}") = "day7", "day7\day7.csproj", "{BFBE9CCE-BADC-4B90-A467-0549EABF850D}"
EndProject
Project("{FAE04EC0-301F-11D3-BF4B-00C04F79EFBC}") = "day9", "day9\day9.csproj", "{5865AE8D-7F37-4BE2-A213-0F1B709DB778}"
EndProject
Project("{FAE04EC0-301F-11D3-BF4B-00C04F79EFBC}") = "day8", "day8\day8.csproj", "{E717C65B-1B2B-4239-9FD0-3A6BFB02F02D}"
EndProject
Project("{FAE04EC0-301F-11D3-BF4B-00C04F79EFBC}") = "day10", "day10\day10.csproj", "{C70B7BE9-BFED-4B22-A287-3C480A7BC831}"
EndProject
Project("{FAE04EC0-301F-11D3-BF4B-00C04F79EFBC}") = "day12", "day12\day12.csproj", "{8412762B-E8FA-45D8-9765-39D4CB155D4B}"
EndProject
Project("{FAE04EC0-301F-11D3-BF4B-00C04F79EFBC}") = "day13", "day13\day13.csproj", "{04C7B9A5-DDD7-4589-8180-CE28B546CE3D}"
EndProject
Global
	GlobalSection(SolutionConfigurationPlatforms) = preSolution
		Debug|Any CPU = Debug|Any CPU
		Release|Any CPU = Release|Any CPU
	EndGlobalSection
	GlobalSection(SolutionProperties) = preSolution
		HideSolutionNode = FALSE
	EndGlobalSection
	GlobalSection(ProjectConfigurationPlatforms) = postSolution
		{9B20EA34-AD70-4493-9443-A170CDB5D89A}.Debug|Any CPU.ActiveCfg = Debug|Any CPU
		{9B20EA34-AD70-4493-9443-A170CDB5D89A}.Debug|Any CPU.Build.0 = Debug|Any CPU
		{9B20EA34-AD70-4493-9443-A170CDB5D89A}.Release|Any CPU.ActiveCfg = Release|Any CPU
		{9B20EA34-AD70-4493-9443-A170CDB5D89A}.Release|Any CPU.Build.0 = Release|Any CPU
		{C3D0BCCC-EA72-44B0-AE38-A9DF3F9B9FC8}.Debug|Any CPU.ActiveCfg = Debug|Any CPU
		{C3D0BCCC-EA72-44B0-AE38-A9DF3F9B9FC8}.Debug|Any CPU.Build.0 = Debug|Any CPU
		{C3D0BCCC-EA72-44B0-AE38-A9DF3F9B9FC8}.Release|Any CPU.ActiveCfg = Release|Any CPU
		{C3D0BCCC-EA72-44B0-AE38-A9DF3F9B9FC8}.Release|Any CPU.Build.0 = Release|Any CPU
		{D3362916-61C1-4D19-AF4B-E9FAF5152125}.Debug|Any CPU.ActiveCfg = Debug|Any CPU
		{D3362916-61C1-4D19-AF4B-E9FAF5152125}.Debug|Any CPU.Build.0 = Debug|Any CPU
		{D3362916-61C1-4D19-AF4B-E9FAF5152125}.Release|Any CPU.ActiveCfg = Release|Any CPU
		{D3362916-61C1-4D19-AF4B-E9FAF5152125}.Release|Any CPU.Build.0 = Release|Any CPU
		{5896ABFF-1B96-4AC4-A067-51ABC31E1913}.Debug|Any CPU.ActiveCfg = Debug|Any CPU
		{5896ABFF-1B96-4AC4-A067-51ABC31E1913}.Debug|Any CPU.Build.0 = Debug|Any CPU
		{5896ABFF-1B96-4AC4-A067-51ABC31E1913}.Release|Any CPU.ActiveCfg = Release|Any CPU
		{5896ABFF-1B96-4AC4-A067-51ABC31E1913}.Release|Any CPU.Build.0 = Release|Any CPU
		{8713777C-3DB2-4C95-9174-B5945649E739}.Debug|Any CPU.ActiveCfg = Debug|Any CPU
		{8713777C-3DB2-4C95-9174-B5945649E739}.Debug|Any CPU.Build.0 = Debug|Any CPU
		{8713777C-3DB2-4C95-9174-B5945649E739}.Release|Any CPU.ActiveCfg = Release|Any CPU
		{8713777C-3DB2-4C95-9174-B5945649E739}.Release|Any CPU.Build.0 = Release|Any CPU
		{7277CB8B-DE75-4518-B7A8-7C0066D095D9}.Debug|Any CPU.ActiveCfg = Debug|Any CPU
		{7277CB8B-DE75-4518-B7A8-7C0066D095D9}.Debug|Any CPU.Build.0 = Debug|Any CPU
		{7277CB8B-DE75-4518-B7A8-7C0066D095D9}.Release|Any CPU.ActiveCfg = Release|Any CPU
		{7277CB8B-DE75-4518-B7A8-7C0066D095D9}.Release|Any CPU.Build.0 = Release|Any CPU
		{7C013FF4-8A39-4749-A8EA-4E54E11B8AC4}.Debug|Any CPU.ActiveCfg = Debug|Any CPU
		{7C013FF4-8A39-4749-A8EA-4E54E11B8AC4}.Debug|Any CPU.Build.0 = Debug|Any CPU
		{7C013FF4-8A39-4749-A8EA-4E54E11B8AC4}.Release|Any CPU.ActiveCfg = Release|Any CPU
		{7C013FF4-8A39-4749-A8EA-4E54E11B8AC4}.Release|Any CPU.Build.0 = Release|Any CPU
		{BFBE9CCE-BADC-4B90-A467-0549EABF850D}.Debug|Any CPU.ActiveCfg = Debug|Any CPU
		{BFBE9CCE-BADC-4B90-A467-0549EABF850D}.Debug|Any CPU.Build.0 = Debug|Any CPU
		{BFBE9CCE-BADC-4B90-A467-0549EABF850D}.Release|Any CPU.ActiveCfg = Release|Any CPU
		{BFBE9CCE-BADC-4B90-A467-0549EABF850D}.Release|Any CPU.Build.0 = Release|Any CPU
		{5865AE8D-7F37-4BE2-A213-0F1B709DB778}.Debug|Any CPU.ActiveCfg = Debug|Any CPU
		{5865AE8D-7F37-4BE2-A213-0F1B709DB778}.Debug|Any CPU.Build.0 = Debug|Any CPU
		{5865AE8D-7F37-4BE2-A213-0F1B709DB778}.Release|Any CPU.ActiveCfg = Release|Any CPU
		{5865AE8D-7F37-4BE2-A213-0F1B709DB778}.Release|Any CPU.Build.0 = Release|Any CPU
		{E717C65B-1B2B-4239-9FD0-3A6BFB02F02D}.Debug|Any CPU.ActiveCfg = Debug|Any CPU
		{E717C65B-1B2B-4239-9FD0-3A6BFB02F02D}.Debug|Any CPU.Build.0 = Debug|Any CPU
		{E717C65B-1B2B-4239-9FD0-3A6BFB02F02D}.Release|Any CPU.ActiveCfg = Release|Any CPU
		{E717C65B-1B2B-4239-9FD0-3A6BFB02F02D}.Release|Any CPU.Build.0 = Release|Any CPU
		{C70B7BE9-BFED-4B22-A287-3C480A7BC831}.Debug|Any CPU.ActiveCfg = Debug|Any CPU
		{C70B7BE9-BFED-4B22-A287-3C480A7BC831}.Debug|Any CPU.Build.0 = Debug|Any CPU
		{C70B7BE9-BFED-4B22-A287-3C480A7BC831}.Release|Any CPU.ActiveCfg = Release|Any CPU
		{C70B7BE9-BFED-4B22-A287-3C480A7BC831}.Release|Any CPU.Build.0 = Release|Any CPU
		{8412762B-E8FA-45D8-9765-39D4CB155D4B}.Debug|Any CPU.ActiveCfg = Debug|Any CPU
		{8412762B-E8FA-45D8-9765-39D4CB155D4B}.Debug|Any CPU.Build.0 = Debug|Any CPU
		{8412762B-E8FA-45D8-9765-39D4CB155D4B}.Release|Any CPU.ActiveCfg = Release|Any CPU
		{8412762B-E8FA-45D8-9765-39D4CB155D4B}.Release|Any CPU.Build.0 = Release|Any CPU
		{04C7B9A5-DDD7-4589-8180-CE28B546CE3D}.Debug|Any CPU.ActiveCfg = Debug|Any CPU
		{04C7B9A5-DDD7-4589-8180-CE28B546CE3D}.Debug|Any CPU.Build.0 = Debug|Any CPU
		{04C7B9A5-DDD7-4589-8180-CE28B546CE3D}.Release|Any CPU.ActiveCfg = Release|Any CPU
		{04C7B9A5-DDD7-4589-8180-CE28B546CE3D}.Release|Any CPU.Build.0 = Release|Any CPU
	EndGlobalSection
EndGlobal
